
Microsoft Visual Studio Solution File, Format Version 12.00
# Visual Studio Version 16
VisualStudioVersion = 16.0.30615.102
MinimumVisualStudioVersion = 10.0.40219.1
Project("{FAE04EC0-301F-11D3-BF4B-00C04F79EFBC}") = "AndroidApp_NavigationDrawerApp", "AndroidApp_NavigationDrawerApp\AndroidApp_NavigationDrawerApp.csproj", "{8D326C3E-2030-4222-A056-6263AFFCAF1A}"
EndProject
Global
	GlobalSection(SolutionConfigurationPlatforms) = preSolution
		Debug|Any CPU = Debug|Any CPU
		Release|Any CPU = Release|Any CPU
	EndGlobalSection
	GlobalSection(ProjectConfigurationPlatforms) = postSolution
		{8D326C3E-2030-4222-A056-6263AFFCAF1A}.Debug|Any CPU.ActiveCfg = Debug|Any CPU
		{8D326C3E-2030-4222-A056-6263AFFCAF1A}.Debug|Any CPU.Build.0 = Debug|Any CPU
		{8D326C3E-2030-4222-A056-6263AFFCAF1A}.Debug|Any CPU.Deploy.0 = Debug|Any CPU
		{8D326C3E-2030-4222-A056-6263AFFCAF1A}.Release|Any CPU.ActiveCfg = Release|Any CPU
		{8D326C3E-2030-4222-A056-6263AFFCAF1A}.Release|Any CPU.Build.0 = Release|Any CPU
		{8D326C3E-2030-4222-A056-6263AFFCAF1A}.Release|Any CPU.Deploy.0 = Release|Any CPU
	EndGlobalSection
	GlobalSection(SolutionProperties) = preSolution
		HideSolutionNode = FALSE
	EndGlobalSection
	GlobalSection(ExtensibilityGlobals) = postSolution
		SolutionGuid = {BBEBE21E-30AA-4518-BFA0-BC84159F0BC5}
	EndGlobalSection
EndGlobal
