
Microsoft Visual Studio Solution File, Format Version 12.00
# Visual Studio Version 16
VisualStudioVersion = 16.0.30621.155
MinimumVisualStudioVersion = 10.0.40219.1
Project("{FAE04EC0-301F-11D3-BF4B-00C04F79EFBC}") = "MobileApp_Blank.Android", "MobileApp_Blank\MobileApp_Blank.Android\MobileApp_Blank.Android.csproj", "{DA2640B2-4897-424E-8F24-39822D26894C}"
EndProject
Project("{FAE04EC0-301F-11D3-BF4B-00C04F79EFBC}") = "MobileApp_Blank.iOS", "MobileApp_Blank\MobileApp_Blank.iOS\MobileApp_Blank.iOS.csproj", "{94CBC8D6-A02F-4E12-A333-E63691A0560B}"
EndProject
Project("{FAE04EC0-301F-11D3-BF4B-00C04F79EFBC}") = "MobileApp_Blank", "MobileApp_Blank\MobileApp_Blank\MobileApp_Blank.csproj", "{9456AC71-06AE-4AAF-8ABE-47BFCBB506D8}"
EndProject
Global
	GlobalSection(SolutionConfigurationPlatforms) = preSolution
		Debug|Any CPU = Debug|Any CPU
		Debug|iPhone = Debug|iPhone
		Debug|iPhoneSimulator = Debug|iPhoneSimulator
		Release|Any CPU = Release|Any CPU
		Release|iPhone = Release|iPhone
		Release|iPhoneSimulator = Release|iPhoneSimulator
	EndGlobalSection
	GlobalSection(ProjectConfigurationPlatforms) = postSolution
		{DA2640B2-4897-424E-8F24-39822D26894C}.Debug|Any CPU.ActiveCfg = Debug|Any CPU
		{DA2640B2-4897-424E-8F24-39822D26894C}.Debug|Any CPU.Build.0 = Debug|Any CPU
		{DA2640B2-4897-424E-8F24-39822D26894C}.Debug|Any CPU.Deploy.0 = Debug|Any CPU
		{DA2640B2-4897-424E-8F24-39822D26894C}.Debug|iPhone.ActiveCfg = Debug|Any CPU
		{DA2640B2-4897-424E-8F24-39822D26894C}.Debug|iPhone.Build.0 = Debug|Any CPU
		{DA2640B2-4897-424E-8F24-39822D26894C}.Debug|iPhone.Deploy.0 = Debug|Any CPU
		{DA2640B2-4897-424E-8F24-39822D26894C}.Debug|iPhoneSimulator.ActiveCfg = Debug|Any CPU
		{DA2640B2-4897-424E-8F24-39822D26894C}.Debug|iPhoneSimulator.Build.0 = Debug|Any CPU
		{DA2640B2-4897-424E-8F24-39822D26894C}.Debug|iPhoneSimulator.Deploy.0 = Debug|Any CPU
		{DA2640B2-4897-424E-8F24-39822D26894C}.Release|Any CPU.ActiveCfg = Release|Any CPU
		{DA2640B2-4897-424E-8F24-39822D26894C}.Release|Any CPU.Build.0 = Release|Any CPU
		{DA2640B2-4897-424E-8F24-39822D26894C}.Release|Any CPU.Deploy.0 = Release|Any CPU
		{DA2640B2-4897-424E-8F24-39822D26894C}.Release|iPhone.ActiveCfg = Release|Any CPU
		{DA2640B2-4897-424E-8F24-39822D26894C}.Release|iPhone.Build.0 = Release|Any CPU
		{DA2640B2-4897-424E-8F24-39822D26894C}.Release|iPhone.Deploy.0 = Release|Any CPU
		{DA2640B2-4897-424E-8F24-39822D26894C}.Release|iPhoneSimulator.ActiveCfg = Release|Any CPU
		{DA2640B2-4897-424E-8F24-39822D26894C}.Release|iPhoneSimulator.Build.0 = Release|Any CPU
		{DA2640B2-4897-424E-8F24-39822D26894C}.Release|iPhoneSimulator.Deploy.0 = Release|Any CPU
		{94CBC8D6-A02F-4E12-A333-E63691A0560B}.Debug|Any CPU.ActiveCfg = Debug|iPhone
		{94CBC8D6-A02F-4E12-A333-E63691A0560B}.Debug|Any CPU.Build.0 = Debug|iPhone
		{94CBC8D6-A02F-4E12-A333-E63691A0560B}.Debug|Any CPU.Deploy.0 = Debug|iPhone
		{94CBC8D6-A02F-4E12-A333-E63691A0560B}.Debug|iPhone.ActiveCfg = Debug|iPhone
		{94CBC8D6-A02F-4E12-A333-E63691A0560B}.Debug|iPhone.Build.0 = Debug|iPhone
		{94CBC8D6-A02F-4E12-A333-E63691A0560B}.Debug|iPhone.Deploy.0 = Debug|iPhone
		{94CBC8D6-A02F-4E12-A333-E63691A0560B}.Debug|iPhoneSimulator.ActiveCfg = Debug|iPhoneSimulator
		{94CBC8D6-A02F-4E12-A333-E63691A0560B}.Debug|iPhoneSimulator.Build.0 = Debug|iPhoneSimulator
		{94CBC8D6-A02F-4E12-A333-E63691A0560B}.Debug|iPhoneSimulator.Deploy.0 = Debug|iPhoneSimulator
		{94CBC8D6-A02F-4E12-A333-E63691A0560B}.Release|Any CPU.ActiveCfg = Release|iPhoneSimulator
		{94CBC8D6-A02F-4E12-A333-E63691A0560B}.Release|Any CPU.Build.0 = Release|iPhoneSimulator
		{94CBC8D6-A02F-4E12-A333-E63691A0560B}.Release|Any CPU.Deploy.0 = Release|iPhoneSimulator
		{94CBC8D6-A02F-4E12-A333-E63691A0560B}.Release|iPhone.ActiveCfg = Release|iPhone
		{94CBC8D6-A02F-4E12-A333-E63691A0560B}.Release|iPhone.Build.0 = Release|iPhone
		{94CBC8D6-A02F-4E12-A333-E63691A0560B}.Release|iPhone.Deploy.0 = Release|iPhone
		{94CBC8D6-A02F-4E12-A333-E63691A0560B}.Release|iPhoneSimulator.ActiveCfg = Release|iPhoneSimulator
		{94CBC8D6-A02F-4E12-A333-E63691A0560B}.Release|iPhoneSimulator.Build.0 = Release|iPhoneSimulator
		{94CBC8D6-A02F-4E12-A333-E63691A0560B}.Release|iPhoneSimulator.Deploy.0 = Release|iPhoneSimulator
		{9456AC71-06AE-4AAF-8ABE-47BFCBB506D8}.Debug|Any CPU.ActiveCfg = Debug|Any CPU
		{9456AC71-06AE-4AAF-8ABE-47BFCBB506D8}.Debug|Any CPU.Build.0 = Debug|Any CPU
		{9456AC71-06AE-4AAF-8ABE-47BFCBB506D8}.Debug|Any CPU.Deploy.0 = Debug|Any CPU
		{9456AC71-06AE-4AAF-8ABE-47BFCBB506D8}.Debug|iPhone.ActiveCfg = Debug|Any CPU
		{9456AC71-06AE-4AAF-8ABE-47BFCBB506D8}.Debug|iPhone.Build.0 = Debug|Any CPU
		{9456AC71-06AE-4AAF-8ABE-47BFCBB506D8}.Debug|iPhone.Deploy.0 = Debug|Any CPU
		{9456AC71-06AE-4AAF-8ABE-47BFCBB506D8}.Debug|iPhoneSimulator.ActiveCfg = Debug|Any CPU
		{9456AC71-06AE-4AAF-8ABE-47BFCBB506D8}.Debug|iPhoneSimulator.Build.0 = Debug|Any CPU
		{9456AC71-06AE-4AAF-8ABE-47BFCBB506D8}.Debug|iPhoneSimulator.Deploy.0 = Debug|Any CPU
		{9456AC71-06AE-4AAF-8ABE-47BFCBB506D8}.Release|Any CPU.ActiveCfg = Release|Any CPU
		{9456AC71-06AE-4AAF-8ABE-47BFCBB506D8}.Release|Any CPU.Build.0 = Release|Any CPU
		{9456AC71-06AE-4AAF-8ABE-47BFCBB506D8}.Release|Any CPU.Deploy.0 = Release|Any CPU
		{9456AC71-06AE-4AAF-8ABE-47BFCBB506D8}.Release|iPhone.ActiveCfg = Release|Any CPU
		{9456AC71-06AE-4AAF-8ABE-47BFCBB506D8}.Release|iPhone.Build.0 = Release|Any CPU
		{9456AC71-06AE-4AAF-8ABE-47BFCBB506D8}.Release|iPhone.Deploy.0 = Release|Any CPU
		{9456AC71-06AE-4AAF-8ABE-47BFCBB506D8}.Release|iPhoneSimulator.ActiveCfg = Release|Any CPU
		{9456AC71-06AE-4AAF-8ABE-47BFCBB506D8}.Release|iPhoneSimulator.Build.0 = Release|Any CPU
		{9456AC71-06AE-4AAF-8ABE-47BFCBB506D8}.Release|iPhoneSimulator.Deploy.0 = Release|Any CPU
	EndGlobalSection
	GlobalSection(SolutionProperties) = preSolution
		HideSolutionNode = FALSE
	EndGlobalSection
	GlobalSection(ExtensibilityGlobals) = postSolution
		SolutionGuid = {D1CBC815-9479-4DEB-8C2F-0D4A90E39F22}
	EndGlobalSection
EndGlobal
