
Microsoft Visual Studio Solution File, Format Version 12.00
# Visual Studio Version 16
VisualStudioVersion = 16.0.30615.102
MinimumVisualStudioVersion = 10.0.40219.1
Project("{FAE04EC0-301F-11D3-BF4B-00C04F79EFBC}") = "iOSApp_TabbedApp", "iOSApp_TabbedApp\iOSApp_TabbedApp.csproj", "{0C3B6E9D-EEA0-445C-9F5A-67BF57002ABC}"
EndProject
Global
	GlobalSection(SolutionConfigurationPlatforms) = preSolution
		Debug|iPhone = Debug|iPhone
		Debug|iPhoneSimulator = Debug|iPhoneSimulator
		Release|iPhone = Release|iPhone
		Release|iPhoneSimulator = Release|iPhoneSimulator
	EndGlobalSection
	GlobalSection(ProjectConfigurationPlatforms) = postSolution
		{0C3B6E9D-EEA0-445C-9F5A-67BF57002ABC}.Debug|iPhone.ActiveCfg = Debug|iPhone
		{0C3B6E9D-EEA0-445C-9F5A-67BF57002ABC}.Debug|iPhone.Build.0 = Debug|iPhone
		{0C3B6E9D-EEA0-445C-9F5A-67BF57002ABC}.Debug|iPhone.Deploy.0 = Debug|iPhone
		{0C3B6E9D-EEA0-445C-9F5A-67BF57002ABC}.Debug|iPhoneSimulator.ActiveCfg = Debug|iPhoneSimulator
		{0C3B6E9D-EEA0-445C-9F5A-67BF57002ABC}.Debug|iPhoneSimulator.Build.0 = Debug|iPhoneSimulator
		{0C3B6E9D-EEA0-445C-9F5A-67BF57002ABC}.Debug|iPhoneSimulator.Deploy.0 = Debug|iPhoneSimulator
		{0C3B6E9D-EEA0-445C-9F5A-67BF57002ABC}.Release|iPhone.ActiveCfg = Release|iPhone
		{0C3B6E9D-EEA0-445C-9F5A-67BF57002ABC}.Release|iPhone.Build.0 = Release|iPhone
		{0C3B6E9D-EEA0-445C-9F5A-67BF57002ABC}.Release|iPhone.Deploy.0 = Release|iPhone
		{0C3B6E9D-EEA0-445C-9F5A-67BF57002ABC}.Release|iPhoneSimulator.ActiveCfg = Release|iPhoneSimulator
		{0C3B6E9D-EEA0-445C-9F5A-67BF57002ABC}.Release|iPhoneSimulator.Build.0 = Release|iPhoneSimulator
		{0C3B6E9D-EEA0-445C-9F5A-67BF57002ABC}.Release|iPhoneSimulator.Deploy.0 = Release|iPhoneSimulator
	EndGlobalSection
	GlobalSection(SolutionProperties) = preSolution
		HideSolutionNode = FALSE
	EndGlobalSection
	GlobalSection(ExtensibilityGlobals) = postSolution
		SolutionGuid = {CDEC727F-F932-4807-9820-57B986DB4DAB}
	EndGlobalSection
EndGlobal
