
Microsoft Visual Studio Solution File, Format Version 12.00
# Visual Studio Version 16
VisualStudioVersion = 16.0.30621.155
MinimumVisualStudioVersion = 10.0.40219.1
Project("{FAE04EC0-301F-11D3-BF4B-00C04F79EFBC}") = "AndroidApp_SingleViewApp", "AndroidApp_SingleViewApp\AndroidApp_SingleViewApp.csproj", "{695EAC61-09E1-4E44-835A-F313A4A1765B}"
EndProject
Global
	GlobalSection(SolutionConfigurationPlatforms) = preSolution
		Debug|Any CPU = Debug|Any CPU
		Release|Any CPU = Release|Any CPU
	EndGlobalSection
	GlobalSection(ProjectConfigurationPlatforms) = postSolution
		{695EAC61-09E1-4E44-835A-F313A4A1765B}.Debug|Any CPU.ActiveCfg = Debug|Any CPU
		{695EAC61-09E1-4E44-835A-F313A4A1765B}.Debug|Any CPU.Build.0 = Debug|Any CPU
		{695EAC61-09E1-4E44-835A-F313A4A1765B}.Debug|Any CPU.Deploy.0 = Debug|Any CPU
		{695EAC61-09E1-4E44-835A-F313A4A1765B}.Release|Any CPU.ActiveCfg = Release|Any CPU
		{695EAC61-09E1-4E44-835A-F313A4A1765B}.Release|Any CPU.Build.0 = Release|Any CPU
		{695EAC61-09E1-4E44-835A-F313A4A1765B}.Release|Any CPU.Deploy.0 = Release|Any CPU
	EndGlobalSection
	GlobalSection(SolutionProperties) = preSolution
		HideSolutionNode = FALSE
	EndGlobalSection
	GlobalSection(ExtensibilityGlobals) = postSolution
		SolutionGuid = {6327DE7A-E17B-4890-8682-0790E9E83A9D}
	EndGlobalSection
EndGlobal
