
Microsoft Visual Studio Solution File, Format Version 12.00
# Visual Studio Version 16
VisualStudioVersion = 16.0.30615.102
MinimumVisualStudioVersion = 10.0.40219.1
Project("{FAE04EC0-301F-11D3-BF4B-00C04F79EFBC}") = "MobileApp_Flyout.Android", "MobileApp_Flyout\MobileApp_Flyout.Android\MobileApp_Flyout.Android.csproj", "{A6DCF8F4-1E4C-4074-B12D-9ABFC11DB3D3}"
EndProject
Project("{FAE04EC0-301F-11D3-BF4B-00C04F79EFBC}") = "MobileApp_Flyout.iOS", "MobileApp_Flyout\MobileApp_Flyout.iOS\MobileApp_Flyout.iOS.csproj", "{4E066A2B-B6DE-4889-9490-D9A3690C98AF}"
EndProject
Project("{FAE04EC0-301F-11D3-BF4B-00C04F79EFBC}") = "MobileApp_Flyout", "MobileApp_Flyout\MobileApp_Flyout\MobileApp_Flyout.csproj", "{E33ECF2C-EA26-4DD1-93AF-C43926C0C6CC}"
EndProject
Global
	GlobalSection(SolutionConfigurationPlatforms) = preSolution
		Debug|Any CPU = Debug|Any CPU
		Debug|iPhone = Debug|iPhone
		Debug|iPhoneSimulator = Debug|iPhoneSimulator
		Release|Any CPU = Release|Any CPU
		Release|iPhone = Release|iPhone
		Release|iPhoneSimulator = Release|iPhoneSimulator
	EndGlobalSection
	GlobalSection(ProjectConfigurationPlatforms) = postSolution
		{A6DCF8F4-1E4C-4074-B12D-9ABFC11DB3D3}.Debug|Any CPU.ActiveCfg = Debug|Any CPU
		{A6DCF8F4-1E4C-4074-B12D-9ABFC11DB3D3}.Debug|Any CPU.Build.0 = Debug|Any CPU
		{A6DCF8F4-1E4C-4074-B12D-9ABFC11DB3D3}.Debug|Any CPU.Deploy.0 = Debug|Any CPU
		{A6DCF8F4-1E4C-4074-B12D-9ABFC11DB3D3}.Debug|iPhone.ActiveCfg = Debug|Any CPU
		{A6DCF8F4-1E4C-4074-B12D-9ABFC11DB3D3}.Debug|iPhone.Build.0 = Debug|Any CPU
		{A6DCF8F4-1E4C-4074-B12D-9ABFC11DB3D3}.Debug|iPhone.Deploy.0 = Debug|Any CPU
		{A6DCF8F4-1E4C-4074-B12D-9ABFC11DB3D3}.Debug|iPhoneSimulator.ActiveCfg = Debug|Any CPU
		{A6DCF8F4-1E4C-4074-B12D-9ABFC11DB3D3}.Debug|iPhoneSimulator.Build.0 = Debug|Any CPU
		{A6DCF8F4-1E4C-4074-B12D-9ABFC11DB3D3}.Debug|iPhoneSimulator.Deploy.0 = Debug|Any CPU
		{A6DCF8F4-1E4C-4074-B12D-9ABFC11DB3D3}.Release|Any CPU.ActiveCfg = Release|Any CPU
		{A6DCF8F4-1E4C-4074-B12D-9ABFC11DB3D3}.Release|Any CPU.Build.0 = Release|Any CPU
		{A6DCF8F4-1E4C-4074-B12D-9ABFC11DB3D3}.Release|Any CPU.Deploy.0 = Release|Any CPU
		{A6DCF8F4-1E4C-4074-B12D-9ABFC11DB3D3}.Release|iPhone.ActiveCfg = Release|Any CPU
		{A6DCF8F4-1E4C-4074-B12D-9ABFC11DB3D3}.Release|iPhone.Build.0 = Release|Any CPU
		{A6DCF8F4-1E4C-4074-B12D-9ABFC11DB3D3}.Release|iPhone.Deploy.0 = Release|Any CPU
		{A6DCF8F4-1E4C-4074-B12D-9ABFC11DB3D3}.Release|iPhoneSimulator.ActiveCfg = Release|Any CPU
		{A6DCF8F4-1E4C-4074-B12D-9ABFC11DB3D3}.Release|iPhoneSimulator.Build.0 = Release|Any CPU
		{A6DCF8F4-1E4C-4074-B12D-9ABFC11DB3D3}.Release|iPhoneSimulator.Deploy.0 = Release|Any CPU
		{4E066A2B-B6DE-4889-9490-D9A3690C98AF}.Debug|Any CPU.ActiveCfg = Debug|iPhone
		{4E066A2B-B6DE-4889-9490-D9A3690C98AF}.Debug|Any CPU.Build.0 = Debug|iPhone
		{4E066A2B-B6DE-4889-9490-D9A3690C98AF}.Debug|Any CPU.Deploy.0 = Debug|iPhone
		{4E066A2B-B6DE-4889-9490-D9A3690C98AF}.Debug|iPhone.ActiveCfg = Debug|iPhone
		{4E066A2B-B6DE-4889-9490-D9A3690C98AF}.Debug|iPhone.Build.0 = Debug|iPhone
		{4E066A2B-B6DE-4889-9490-D9A3690C98AF}.Debug|iPhone.Deploy.0 = Debug|iPhone
		{4E066A2B-B6DE-4889-9490-D9A3690C98AF}.Debug|iPhoneSimulator.ActiveCfg = Debug|iPhoneSimulator
		{4E066A2B-B6DE-4889-9490-D9A3690C98AF}.Debug|iPhoneSimulator.Build.0 = Debug|iPhoneSimulator
		{4E066A2B-B6DE-4889-9490-D9A3690C98AF}.Debug|iPhoneSimulator.Deploy.0 = Debug|iPhoneSimulator
		{4E066A2B-B6DE-4889-9490-D9A3690C98AF}.Release|Any CPU.ActiveCfg = Release|iPhoneSimulator
		{4E066A2B-B6DE-4889-9490-D9A3690C98AF}.Release|Any CPU.Build.0 = Release|iPhoneSimulator
		{4E066A2B-B6DE-4889-9490-D9A3690C98AF}.Release|Any CPU.Deploy.0 = Release|iPhoneSimulator
		{4E066A2B-B6DE-4889-9490-D9A3690C98AF}.Release|iPhone.ActiveCfg = Release|iPhone
		{4E066A2B-B6DE-4889-9490-D9A3690C98AF}.Release|iPhone.Build.0 = Release|iPhone
		{4E066A2B-B6DE-4889-9490-D9A3690C98AF}.Release|iPhone.Deploy.0 = Release|iPhone
		{4E066A2B-B6DE-4889-9490-D9A3690C98AF}.Release|iPhoneSimulator.ActiveCfg = Release|iPhoneSimulator
		{4E066A2B-B6DE-4889-9490-D9A3690C98AF}.Release|iPhoneSimulator.Build.0 = Release|iPhoneSimulator
		{4E066A2B-B6DE-4889-9490-D9A3690C98AF}.Release|iPhoneSimulator.Deploy.0 = Release|iPhoneSimulator
		{E33ECF2C-EA26-4DD1-93AF-C43926C0C6CC}.Debug|Any CPU.ActiveCfg = Debug|Any CPU
		{E33ECF2C-EA26-4DD1-93AF-C43926C0C6CC}.Debug|Any CPU.Build.0 = Debug|Any CPU
		{E33ECF2C-EA26-4DD1-93AF-C43926C0C6CC}.Debug|Any CPU.Deploy.0 = Debug|Any CPU
		{E33ECF2C-EA26-4DD1-93AF-C43926C0C6CC}.Debug|iPhone.ActiveCfg = Debug|Any CPU
		{E33ECF2C-EA26-4DD1-93AF-C43926C0C6CC}.Debug|iPhone.Build.0 = Debug|Any CPU
		{E33ECF2C-EA26-4DD1-93AF-C43926C0C6CC}.Debug|iPhone.Deploy.0 = Debug|Any CPU
		{E33ECF2C-EA26-4DD1-93AF-C43926C0C6CC}.Debug|iPhoneSimulator.ActiveCfg = Debug|Any CPU
		{E33ECF2C-EA26-4DD1-93AF-C43926C0C6CC}.Debug|iPhoneSimulator.Build.0 = Debug|Any CPU
		{E33ECF2C-EA26-4DD1-93AF-C43926C0C6CC}.Debug|iPhoneSimulator.Deploy.0 = Debug|Any CPU
		{E33ECF2C-EA26-4DD1-93AF-C43926C0C6CC}.Release|Any CPU.ActiveCfg = Release|Any CPU
		{E33ECF2C-EA26-4DD1-93AF-C43926C0C6CC}.Release|Any CPU.Build.0 = Release|Any CPU
		{E33ECF2C-EA26-4DD1-93AF-C43926C0C6CC}.Release|Any CPU.Deploy.0 = Release|Any CPU
		{E33ECF2C-EA26-4DD1-93AF-C43926C0C6CC}.Release|iPhone.ActiveCfg = Release|Any CPU
		{E33ECF2C-EA26-4DD1-93AF-C43926C0C6CC}.Release|iPhone.Build.0 = Release|Any CPU
		{E33ECF2C-EA26-4DD1-93AF-C43926C0C6CC}.Release|iPhone.Deploy.0 = Release|Any CPU
		{E33ECF2C-EA26-4DD1-93AF-C43926C0C6CC}.Release|iPhoneSimulator.ActiveCfg = Release|Any CPU
		{E33ECF2C-EA26-4DD1-93AF-C43926C0C6CC}.Release|iPhoneSimulator.Build.0 = Release|Any CPU
		{E33ECF2C-EA26-4DD1-93AF-C43926C0C6CC}.Release|iPhoneSimulator.Deploy.0 = Release|Any CPU
	EndGlobalSection
	GlobalSection(SolutionProperties) = preSolution
		HideSolutionNode = FALSE
	EndGlobalSection
	GlobalSection(ExtensibilityGlobals) = postSolution
		SolutionGuid = {D0C5CC11-6DCF-43EE-84B3-9C2FC6BF2456}
	EndGlobalSection
EndGlobal
